// !$*UTF8*$!
{
	archiveVersion = 1;
	classes = {
	};
	objectVersion = 55;
	objects = {

/* Begin PBXBuildFile section */
		96A4F30627950E49003EA15B /* PageTabView.swift in Sources */ = {isa = PBXBuildFile; fileRef = 96A4F30527950E49003EA15B /* PageTabView.swift */; };
		96F7FA30279456F1007F9DA1 /* Lesson_15_ChallengeApp.swift in Sources */ = {isa = PBXBuildFile; fileRef = 96F7FA2F279456F1007F9DA1 /* Lesson_15_ChallengeApp.swift */; };
		96F7FA32279456F1007F9DA1 /* BookListView.swift in Sources */ = {isa = PBXBuildFile; fileRef = 96F7FA31279456F1007F9DA1 /* BookListView.swift */; };
		96F7FA34279456F3007F9DA1 /* Assets.xcassets in Resources */ = {isa = PBXBuildFile; fileRef = 96F7FA33279456F3007F9DA1 /* Assets.xcassets */; };
		96F7FA37279456F3007F9DA1 /* Preview Assets.xcassets in Resources */ = {isa = PBXBuildFile; fileRef = 96F7FA36279456F3007F9DA1 /* Preview Assets.xcassets */; };
		96F7FA4527945744007F9DA1 /* Data.json in Resources */ = {isa = PBXBuildFile; fileRef = 96F7FA4427945744007F9DA1 /* Data.json */; };
		96F7FA472794575B007F9DA1 /* Book.swift in Sources */ = {isa = PBXBuildFile; fileRef = 96F7FA462794575B007F9DA1 /* Book.swift */; };
		96F7FA492794576F007F9DA1 /* Parseable.swift in Sources */ = {isa = PBXBuildFile; fileRef = 96F7FA482794576F007F9DA1 /* Parseable.swift */; };
		96F7FA4B27945820007F9DA1 /* DataService.swift in Sources */ = {isa = PBXBuildFile; fileRef = 96F7FA4A27945820007F9DA1 /* DataService.swift */; };
		96F7FA4D2794594B007F9DA1 /* BookModel.swift in Sources */ = {isa = PBXBuildFile; fileRef = 96F7FA4C2794594B007F9DA1 /* BookModel.swift */; };
		96F7FA4F27945E86007F9DA1 /* BookCardView.swift in Sources */ = {isa = PBXBuildFile; fileRef = 96F7FA4E27945E86007F9DA1 /* BookCardView.swift */; };
		96F7FA5127949EC6007F9DA1 /* BookDetailView.swift in Sources */ = {isa = PBXBuildFile; fileRef = 96F7FA5027949EC6007F9DA1 /* BookDetailView.swift */; };
/* End PBXBuildFile section */

/* Begin PBXFileReference section */
		96A4F30527950E49003EA15B /* PageTabView.swift */ = {isa = PBXFileReference; lastKnownFileType = sourcecode.swift; path = PageTabView.swift; sourceTree = "<group>"; };
		96F7FA2C279456F1007F9DA1 /* Lesson 15 Challenge.app */ = {isa = PBXFileReference; explicitFileType = wrapper.application; includeInIndex = 0; path = "Lesson 15 Challenge.app"; sourceTree = BUILT_PRODUCTS_DIR; };
		96F7FA2F279456F1007F9DA1 /* Lesson_15_ChallengeApp.swift */ = {isa = PBXFileReference; lastKnownFileType = sourcecode.swift; path = Lesson_15_ChallengeApp.swift; sourceTree = "<group>"; };
		96F7FA31279456F1007F9DA1 /* BookListView.swift */ = {isa = PBXFileReference; lastKnownFileType = sourcecode.swift; path = BookListView.swift; sourceTree = "<group>"; };
		96F7FA33279456F3007F9DA1 /* Assets.xcassets */ = {isa = PBXFileReference; lastKnownFileType = folder.assetcatalog; path = Assets.xcassets; sourceTree = "<group>"; };
		96F7FA36279456F3007F9DA1 /* Preview Assets.xcassets */ = {isa = PBXFileReference; lastKnownFileType = folder.assetcatalog; path = "Preview Assets.xcassets"; sourceTree = "<group>"; };
		96F7FA4427945744007F9DA1 /* Data.json */ = {isa = PBXFileReference; fileEncoding = 4; lastKnownFileType = text.json; path = Data.json; sourceTree = "<group>"; };
		96F7FA462794575B007F9DA1 /* Book.swift */ = {isa = PBXFileReference; lastKnownFileType = sourcecode.swift; path = Book.swift; sourceTree = "<group>"; };
		96F7FA482794576F007F9DA1 /* Parseable.swift */ = {isa = PBXFileReference; lastKnownFileType = sourcecode.swift; path = Parseable.swift; sourceTree = "<group>"; };
		96F7FA4A27945820007F9DA1 /* DataService.swift */ = {isa = PBXFileReference; lastKnownFileType = sourcecode.swift; path = DataService.swift; sourceTree = "<group>"; };
		96F7FA4C2794594B007F9DA1 /* BookModel.swift */ = {isa = PBXFileReference; lastKnownFileType = sourcecode.swift; path = BookModel.swift; sourceTree = "<group>"; };
		96F7FA4E27945E86007F9DA1 /* BookCardView.swift */ = {isa = PBXFileReference; lastKnownFileType = sourcecode.swift; path = BookCardView.swift; sourceTree = "<group>"; };
		96F7FA5027949EC6007F9DA1 /* BookDetailView.swift */ = {isa = PBXFileReference; lastKnownFileType = sourcecode.swift; path = BookDetailView.swift; sourceTree = "<group>"; };
/* End PBXFileReference section */

/* Begin PBXFrameworksBuildPhase section */
		96F7FA29279456F1007F9DA1 /* Frameworks */ = {
			isa = PBXFrameworksBuildPhase;
			buildActionMask = 2147483647;
			files = (
			);
			runOnlyForDeploymentPostprocessing = 0;
		};
/* End PBXFrameworksBuildPhase section */

/* Begin PBXGroup section */
		96F7FA23279456F1007F9DA1 = {
			isa = PBXGroup;
			children = (
				96F7FA2E279456F1007F9DA1 /* Lesson 15 Challenge */,
				96F7FA2D279456F1007F9DA1 /* Products */,
			);
			sourceTree = "<group>";
		};
		96F7FA2D279456F1007F9DA1 /* Products */ = {
			isa = PBXGroup;
			children = (
				96F7FA2C279456F1007F9DA1 /* Lesson 15 Challenge.app */,
			);
			name = Products;
			sourceTree = "<group>";
		};
		96F7FA2E279456F1007F9DA1 /* Lesson 15 Challenge */ = {
			isa = PBXGroup;
			children = (
				96F7FA2F279456F1007F9DA1 /* Lesson_15_ChallengeApp.swift */,
				96F7FA432794571E007F9DA1 /* Models */,
				96F7FA4227945719007F9DA1 /* ViewModels */,
				96F7FA4127945713007F9DA1 /* Views */,
				96F7FA3F2794570B007F9DA1 /* Protocols */,
				96F7FA3E27945707007F9DA1 /* Data */,
				96F7FA3D279456FF007F9DA1 /* Services */,
				96F7FA33279456F3007F9DA1 /* Assets.xcassets */,
				96F7FA35279456F3007F9DA1 /* Preview Content */,
			);
			path = "Lesson 15 Challenge";
			sourceTree = "<group>";
		};
		96F7FA35279456F3007F9DA1 /* Preview Content */ = {
			isa = PBXGroup;
			children = (
				96F7FA36279456F3007F9DA1 /* Preview Assets.xcassets */,
			);
			path = "Preview Content";
			sourceTree = "<group>";
		};
		96F7FA3D279456FF007F9DA1 /* Services */ = {
			isa = PBXGroup;
			children = (
				96F7FA4A27945820007F9DA1 /* DataService.swift */,
			);
			path = Services;
			sourceTree = "<group>";
		};
		96F7FA3E27945707007F9DA1 /* Data */ = {
			isa = PBXGroup;
			children = (
				96F7FA4427945744007F9DA1 /* Data.json */,
			);
			path = Data;
			sourceTree = "<group>";
		};
		96F7FA3F2794570B007F9DA1 /* Protocols */ = {
			isa = PBXGroup;
			children = (
				96F7FA482794576F007F9DA1 /* Parseable.swift */,
			);
			path = Protocols;
			sourceTree = "<group>";
		};
		96F7FA4127945713007F9DA1 /* Views */ = {
			isa = PBXGroup;
			children = (
				96F7FA31279456F1007F9DA1 /* BookListView.swift */,
				96F7FA4E27945E86007F9DA1 /* BookCardView.swift */,
				96F7FA5027949EC6007F9DA1 /* BookDetailView.swift */,
				96A4F30527950E49003EA15B /* PageTabView.swift */,
			);
			path = Views;
			sourceTree = "<group>";
		};
		96F7FA4227945719007F9DA1 /* ViewModels */ = {
			isa = PBXGroup;
			children = (
				96F7FA4C2794594B007F9DA1 /* BookModel.swift */,
			);
			path = ViewModels;
			sourceTree = "<group>";
		};
		96F7FA432794571E007F9DA1 /* Models */ = {
			isa = PBXGroup;
			children = (
				96F7FA462794575B007F9DA1 /* Book.swift */,
			);
			path = Models;
			sourceTree = "<group>";
		};
/* End PBXGroup section */

/* Begin PBXNativeTarget section */
		96F7FA2B279456F1007F9DA1 /* Lesson 15 Challenge */ = {
			isa = PBXNativeTarget;
			buildConfigurationList = 96F7FA3A279456F3007F9DA1 /* Build configuration list for PBXNativeTarget "Lesson 15 Challenge" */;
			buildPhases = (
				96F7FA28279456F1007F9DA1 /* Sources */,
				96F7FA29279456F1007F9DA1 /* Frameworks */,
				96F7FA2A279456F1007F9DA1 /* Resources */,
			);
			buildRules = (
			);
			dependencies = (
			);
			name = "Lesson 15 Challenge";
			productName = "Lesson 15 Challenge";
			productReference = 96F7FA2C279456F1007F9DA1 /* Lesson 15 Challenge.app */;
			productType = "com.apple.product-type.application";
		};
/* End PBXNativeTarget section */

/* Begin PBXProject section */
		96F7FA24279456F1007F9DA1 /* Project object */ = {
			isa = PBXProject;
			attributes = {
				BuildIndependentTargetsInParallel = 1;
				LastSwiftUpdateCheck = 1320;
				LastUpgradeCheck = 1320;
				TargetAttributes = {
					96F7FA2B279456F1007F9DA1 = {
						CreatedOnToolsVersion = 13.2.1;
					};
				};
			};
			buildConfigurationList = 96F7FA27279456F1007F9DA1 /* Build configuration list for PBXProject "Lesson 15 Challenge" */;
			compatibilityVersion = "Xcode 13.0";
			developmentRegion = en;
			hasScannedForEncodings = 0;
			knownRegions = (
				en,
				Base,
			);
			mainGroup = 96F7FA23279456F1007F9DA1;
			productRefGroup = 96F7FA2D279456F1007F9DA1 /* Products */;
			projectDirPath = "";
			projectRoot = "";
			targets = (
				96F7FA2B279456F1007F9DA1 /* Lesson 15 Challenge */,
			);
		};
/* End PBXProject section */

/* Begin PBXResourcesBuildPhase section */
		96F7FA2A279456F1007F9DA1 /* Resources */ = {
			isa = PBXResourcesBuildPhase;
			buildActionMask = 2147483647;
			files = (
				96F7FA37279456F3007F9DA1 /* Preview Assets.xcassets in Resources */,
				96F7FA34279456F3007F9DA1 /* Assets.xcassets in Resources */,
				96F7FA4527945744007F9DA1 /* Data.json in Resources */,
			);
			runOnlyForDeploymentPostprocessing = 0;
		};
/* End PBXResourcesBuildPhase section */

/* Begin PBXSourcesBuildPhase section */
		96F7FA28279456F1007F9DA1 /* Sources */ = {
			isa = PBXSourcesBuildPhase;
			buildActionMask = 2147483647;
			files = (
				96F7FA5127949EC6007F9DA1 /* BookDetailView.swift in Sources */,
				96F7FA4D2794594B007F9DA1 /* BookModel.swift in Sources */,
				96F7FA32279456F1007F9DA1 /* BookListView.swift in Sources */,
				96F7FA492794576F007F9DA1 /* Parseable.swift in Sources */,
				96F7FA30279456F1007F9DA1 /* Lesson_15_ChallengeApp.swift in Sources */,
				96A4F30627950E49003EA15B /* PageTabView.swift in Sources */,
				96F7FA472794575B007F9DA1 /* Book.swift in Sources */,
				96F7FA4B27945820007F9DA1 /* DataService.swift in Sources */,
				96F7FA4F27945E86007F9DA1 /* BookCardView.swift in Sources */,
			);
			runOnlyForDeploymentPostprocessing = 0;
		};
/* End PBXSourcesBuildPhase section */

/* Begin XCBuildConfiguration section */
		96F7FA38279456F3007F9DA1 /* Debug */ = {
			isa = XCBuildConfiguration;
			buildSettings = {
				ALWAYS_SEARCH_USER_PATHS = NO;
				CLANG_ANALYZER_NONNULL = YES;
				CLANG_ANALYZER_NUMBER_OBJECT_CONVERSION = YES_AGGRESSIVE;
				CLANG_CXX_LANGUAGE_STANDARD = "gnu++17";
				CLANG_CXX_LIBRARY = "libc++";
				CLANG_ENABLE_MODULES = YES;
				CLANG_ENABLE_OBJC_ARC = YES;
				CLANG_ENABLE_OBJC_WEAK = YES;
				CLANG_WARN_BLOCK_CAPTURE_AUTORELEASING = YES;
				CLANG_WARN_BOOL_CONVERSION = YES;
				CLANG_WARN_COMMA = YES;
				CLANG_WARN_CONSTANT_CONVERSION = YES;
				CLANG_WARN_DEPRECATED_OBJC_IMPLEMENTATIONS = YES;
				CLANG_WARN_DIRECT_OBJC_ISA_USAGE = YES_ERROR;
				CLANG_WARN_DOCUMENTATION_COMMENTS = YES;
				CLANG_WARN_EMPTY_BODY = YES;
				CLANG_WARN_ENUM_CONVERSION = YES;
				CLANG_WARN_INFINITE_RECURSION = YES;
				CLANG_WARN_INT_CONVERSION = YES;
				CLANG_WARN_NON_LITERAL_NULL_CONVERSION = YES;
				CLANG_WARN_OBJC_IMPLICIT_RETAIN_SELF = YES;
				CLANG_WARN_OBJC_LITERAL_CONVERSION = YES;
				CLANG_WARN_OBJC_ROOT_CLASS = YES_ERROR;
				CLANG_WARN_QUOTED_INCLUDE_IN_FRAMEWORK_HEADER = YES;
				CLANG_WARN_RANGE_LOOP_ANALYSIS = YES;
				CLANG_WARN_STRICT_PROTOTYPES = YES;
				CLANG_WARN_SUSPICIOUS_MOVE = YES;
				CLANG_WARN_UNGUARDED_AVAILABILITY = YES_AGGRESSIVE;
				CLANG_WARN_UNREACHABLE_CODE = YES;
				CLANG_WARN__DUPLICATE_METHOD_MATCH = YES;
				COPY_PHASE_STRIP = NO;
				DEBUG_INFORMATION_FORMAT = dwarf;
				ENABLE_STRICT_OBJC_MSGSEND = YES;
				ENABLE_TESTABILITY = YES;
				GCC_C_LANGUAGE_STANDARD = gnu11;
				GCC_DYNAMIC_NO_PIC = NO;
				GCC_NO_COMMON_BLOCKS = YES;
				GCC_OPTIMIZATION_LEVEL = 0;
				GCC_PREPROCESSOR_DEFINITIONS = (
					"DEBUG=1",
					"$(inherited)",
				);
				GCC_WARN_64_TO_32_BIT_CONVERSION = YES;
				GCC_WARN_ABOUT_RETURN_TYPE = YES_ERROR;
				GCC_WARN_UNDECLARED_SELECTOR = YES;
				GCC_WARN_UNINITIALIZED_AUTOS = YES_AGGRESSIVE;
				GCC_WARN_UNUSED_FUNCTION = YES;
				GCC_WARN_UNUSED_VARIABLE = YES;
				IPHONEOS_DEPLOYMENT_TARGET = 15.2;
				MTL_ENABLE_DEBUG_INFO = INCLUDE_SOURCE;
				MTL_FAST_MATH = YES;
				ONLY_ACTIVE_ARCH = YES;
				SDKROOT = iphoneos;
				SWIFT_ACTIVE_COMPILATION_CONDITIONS = DEBUG;
				SWIFT_OPTIMIZATION_LEVEL = "-Onone";
			};
			name = Debug;
		};
		96F7FA39279456F3007F9DA1 /* Release */ = {
			isa = XCBuildConfiguration;
			buildSettings = {
				ALWAYS_SEARCH_USER_PATHS = NO;
				CLANG_ANALYZER_NONNULL = YES;
				CLANG_ANALYZER_NUMBER_OBJECT_CONVERSION = YES_AGGRESSIVE;
				CLANG_CXX_LANGUAGE_STANDARD = "gnu++17";
				CLANG_CXX_LIBRARY = "libc++";
				CLANG_ENABLE_MODULES = YES;
				CLANG_ENABLE_OBJC_ARC = YES;
				CLANG_ENABLE_OBJC_WEAK = YES;
				CLANG_WARN_BLOCK_CAPTURE_AUTORELEASING = YES;
				CLANG_WARN_BOOL_CONVERSION = YES;
				CLANG_WARN_COMMA = YES;
				CLANG_WARN_CONSTANT_CONVERSION = YES;
				CLANG_WARN_DEPRECATED_OBJC_IMPLEMENTATIONS = YES;
				CLANG_WARN_DIRECT_OBJC_ISA_USAGE = YES_ERROR;
				CLANG_WARN_DOCUMENTATION_COMMENTS = YES;
				CLANG_WARN_EMPTY_BODY = YES;
				CLANG_WARN_ENUM_CONVERSION = YES;
				CLANG_WARN_INFINITE_RECURSION = YES;
				CLANG_WARN_INT_CONVERSION = YES;
				CLANG_WARN_NON_LITERAL_NULL_CONVERSION = YES;
				CLANG_WARN_OBJC_IMPLICIT_RETAIN_SELF = YES;
				CLANG_WARN_OBJC_LITERAL_CONVERSION = YES;
				CLANG_WARN_OBJC_ROOT_CLASS = YES_ERROR;
				CLANG_WARN_QUOTED_INCLUDE_IN_FRAMEWORK_HEADER = YES;
				CLANG_WARN_RANGE_LOOP_ANALYSIS = YES;
				CLANG_WARN_STRICT_PROTOTYPES = YES;
				CLANG_WARN_SUSPICIOUS_MOVE = YES;
				CLANG_WARN_UNGUARDED_AVAILABILITY = YES_AGGRESSIVE;
				CLANG_WARN_UNREACHABLE_CODE = YES;
				CLANG_WARN__DUPLICATE_METHOD_MATCH = YES;
				COPY_PHASE_STRIP = NO;
				DEBUG_INFORMATION_FORMAT = "dwarf-with-dsym";
				ENABLE_NS_ASSERTIONS = NO;
				ENABLE_STRICT_OBJC_MSGSEND = YES;
				GCC_C_LANGUAGE_STANDARD = gnu11;
				GCC_NO_COMMON_BLOCKS = YES;
				GCC_WARN_64_TO_32_BIT_CONVERSION = YES;
				GCC_WARN_ABOUT_RETURN_TYPE = YES_ERROR;
				GCC_WARN_UNDECLARED_SELECTOR = YES;
				GCC_WARN_UNINITIALIZED_AUTOS = YES_AGGRESSIVE;
				GCC_WARN_UNUSED_FUNCTION = YES;
				GCC_WARN_UNUSED_VARIABLE = YES;
				IPHONEOS_DEPLOYMENT_TARGET = 15.2;
				MTL_ENABLE_DEBUG_INFO = NO;
				MTL_FAST_MATH = YES;
				SDKROOT = iphoneos;
				SWIFT_COMPILATION_MODE = wholemodule;
				SWIFT_OPTIMIZATION_LEVEL = "-O";
				VALIDATE_PRODUCT = YES;
			};
			name = Release;
		};
		96F7FA3B279456F3007F9DA1 /* Debug */ = {
			isa = XCBuildConfiguration;
			buildSettings = {
				ASSETCATALOG_COMPILER_APPICON_NAME = AppIcon;
				ASSETCATALOG_COMPILER_GLOBAL_ACCENT_COLOR_NAME = AccentColor;
				CODE_SIGN_STYLE = Automatic;
				CURRENT_PROJECT_VERSION = 1;
				DEVELOPMENT_ASSET_PATHS = "\"Lesson 15 Challenge/Preview Content\"";
				DEVELOPMENT_TEAM = S7M4FAXB9E;
				ENABLE_PREVIEWS = YES;
				GENERATE_INFOPLIST_FILE = YES;
				INFOPLIST_KEY_UIApplicationSceneManifest_Generation = YES;
				INFOPLIST_KEY_UIApplicationSupportsIndirectInputEvents = YES;
				INFOPLIST_KEY_UILaunchScreen_Generation = YES;
				INFOPLIST_KEY_UISupportedInterfaceOrientations_iPad = "UIInterfaceOrientationPortrait UIInterfaceOrientationPortraitUpsideDown UIInterfaceOrientationLandscapeLeft UIInterfaceOrientationLandscapeRight";
				INFOPLIST_KEY_UISupportedInterfaceOrientations_iPhone = "UIInterfaceOrientationPortrait UIInterfaceOrientationLandscapeLeft UIInterfaceOrientationLandscapeRight";
				LD_RUNPATH_SEARCH_PATHS = (
					"$(inherited)",
					"@executable_path/Frameworks",
				);
				MARKETING_VERSION = 1.0;
				PRODUCT_BUNDLE_IDENTIFIER = "com.jasonbullard.Lesson-15-Challenge";
				PRODUCT_NAME = "$(TARGET_NAME)";
				SWIFT_EMIT_LOC_STRINGS = YES;
				SWIFT_VERSION = 5.0;
				TARGETED_DEVICE_FAMILY = "1,2";
			};
			name = Debug;
		};
		96F7FA3C279456F3007F9DA1 /* Release */ = {
			isa = XCBuildConfiguration;
			buildSettings = {
				ASSETCATALOG_COMPILER_APPICON_NAME = AppIcon;
				ASSETCATALOG_COMPILER_GLOBAL_ACCENT_COLOR_NAME = AccentColor;
				CODE_SIGN_STYLE = Automatic;
				CURRENT_PROJECT_VERSION = 1;
				DEVELOPMENT_ASSET_PATHS = "\"Lesson 15 Challenge/Preview Content\"";
				DEVELOPMENT_TEAM = S7M4FAXB9E;
				ENABLE_PREVIEWS = YES;
				GENERATE_INFOPLIST_FILE = YES;
				INFOPLIST_KEY_UIApplicationSceneManifest_Generation = YES;
				INFOPLIST_KEY_UIApplicationSupportsIndirectInputEvents = YES;
				INFOPLIST_KEY_UILaunchScreen_Generation = YES;
				INFOPLIST_KEY_UISupportedInterfaceOrientations_iPad = "UIInterfaceOrientationPortrait UIInterfaceOrientationPortraitUpsideDown UIInterfaceOrientationLandscapeLeft UIInterfaceOrientationLandscapeRight";
				INFOPLIST_KEY_UISupportedInterfaceOrientations_iPhone = "UIInterfaceOrientationPortrait UIInterfaceOrientationLandscapeLeft UIInterfaceOrientationLandscapeRight";
				LD_RUNPATH_SEARCH_PATHS = (
					"$(inherited)",
					"@executable_path/Frameworks",
				);
				MARKETING_VERSION = 1.0;
				PRODUCT_BUNDLE_IDENTIFIER = "com.jasonbullard.Lesson-15-Challenge";
				PRODUCT_NAME = "$(TARGET_NAME)";
				SWIFT_EMIT_LOC_STRINGS = YES;
				SWIFT_VERSION = 5.0;
				TARGETED_DEVICE_FAMILY = "1,2";
			};
			name = Release;
		};
/* End XCBuildConfiguration section */

/* Begin XCConfigurationList section */
		96F7FA27279456F1007F9DA1 /* Build configuration list for PBXProject "Lesson 15 Challenge" */ = {
			isa = XCConfigurationList;
			buildConfigurations = (
				96F7FA38279456F3007F9DA1 /* Debug */,
				96F7FA39279456F3007F9DA1 /* Release */,
			);
			defaultConfigurationIsVisible = 0;
			defaultConfigurationName = Release;
		};
		96F7FA3A279456F3007F9DA1 /* Build configuration list for PBXNativeTarget "Lesson 15 Challenge" */ = {
			isa = XCConfigurationList;
			buildConfigurations = (
				96F7FA3B279456F3007F9DA1 /* Debug */,
				96F7FA3C279456F3007F9DA1 /* Release */,
			);
			defaultConfigurationIsVisible = 0;
			defaultConfigurationName = Release;
		};
/* End XCConfigurationList section */
	};
	rootObject = 96F7FA24279456F1007F9DA1 /* Project object */;
}
